# THIS IS AN AUTOGENERATED FILE. DO NOT EDIT THIS FILE DIRECTLY.
# yarn lockfile v1


glsl-fast-gaussian-blur@^1.0.2:
  version "1.0.2"
  resolved "https://registry.yarnpkg.com/glsl-fast-gaussian-blur/-/glsl-fast-gaussian-blur-1.0.2.tgz#95bc77f644a22f06e5ed58e128697f8b17290b08"
  integrity sha1-lbx39kSiLwbl7VjhKGl/ixcpCwg=

glsl-noise@^0.0.0:
  version "0.0.0"
  resolved "https://registry.yarnpkg.com/glsl-noise/-/glsl-noise-0.0.0.tgz#367745f3a33382c0eeec4cb54b7e99cfc1d7670b"
  integrity sha1-NndF86MzgsDu7Ey1S36Zz8HXZws=
